
Microsoft Visual Studio Solution File, Format Version 12.00
# Visual Studio 2012
Project("{FAE04EC0-301F-11D3-BF4B-00C04F79EFBC}") = "GameofLife", "GameofLife\GameofLife.csproj", "{CE66EA77-9B27-4CCA-83EE-129B98E95E02}"
EndProject
Global
	GlobalSection(SolutionConfigurationPlatforms) = preSolution
		Debug|Any CPU = Debug|Any CPU
		Release|Any CPU = Release|Any CPU
	EndGlobalSection
	GlobalSection(ProjectConfigurationPlatforms) = postSolution
		{CE66EA77-9B27-4CCA-83EE-129B98E95E02}.Debug|Any CPU.ActiveCfg = Debug|Any CPU
		{CE66EA77-9B27-4CCA-83EE-129B98E95E02}.Debug|Any CPU.Build.0 = Debug|Any CPU
		{CE66EA77-9B27-4CCA-83EE-129B98E95E02}.Release|Any CPU.ActiveCfg = Release|Any CPU
		{CE66EA77-9B27-4CCA-83EE-129B98E95E02}.Release|Any CPU.Build.0 = Release|Any CPU
	EndGlobalSection
	GlobalSection(SolutionProperties) = preSolution
		HideSolutionNode = FALSE
	EndGlobalSection
EndGlobal
